
Microsoft Visual Studio Solution File, Format Version 12.00
# Visual Studio Version 17
VisualStudioVersion = 17.9.34321.82
MinimumVisualStudioVersion = 10.0.40219.1
Project("{FAE04EC0-301F-11D3-BF4B-00C04F79EFBC}") = "MattEland.AI.Semantic.Plugins.TextAnalytics", "MattEland.AI.Semantic.Plugins.TextAnalytics\MattEland.AI.Semantic.Plugins.TextAnalytics.csproj", "{E8A7CE25-E906-4189-9C29-BADE1E66EE2D}"
EndProject
Project("{2150E333-8FDC-42A3-9474-1A3956D46DE8}") = "Solution Items", "Solution Items", "{95B89189-B14C-4C90-92C3-31106177E2E4}"
	ProjectSection(SolutionItems) = preProject
		README.md = README.md
	EndProjectSection
EndProject
Global
	GlobalSection(SolutionConfigurationPlatforms) = preSolution
		Debug|Any CPU = Debug|Any CPU
		Release|Any CPU = Release|Any CPU
	EndGlobalSection
	GlobalSection(ProjectConfigurationPlatforms) = postSolution
		{E8A7CE25-E906-4189-9C29-BADE1E66EE2D}.Debug|Any CPU.ActiveCfg = Debug|Any CPU
		{E8A7CE25-E906-4189-9C29-BADE1E66EE2D}.Debug|Any CPU.Build.0 = Debug|Any CPU
		{E8A7CE25-E906-4189-9C29-BADE1E66EE2D}.Release|Any CPU.ActiveCfg = Release|Any CPU
		{E8A7CE25-E906-4189-9C29-BADE1E66EE2D}.Release|Any CPU.Build.0 = Release|Any CPU
	EndGlobalSection
	GlobalSection(SolutionProperties) = preSolution
		HideSolutionNode = FALSE
	EndGlobalSection
	GlobalSection(ExtensibilityGlobals) = postSolution
		SolutionGuid = {9F8C7959-F8C9-4C2E-A7DA-A4C777838781}
	EndGlobalSection
EndGlobal
